
Microsoft Visual Studio Solution File, Format Version 12.00
# Visual Studio 14
VisualStudioVersion = 14.0.25420.1
MinimumVisualStudioVersion = 10.0.40219.1
Project("{2150E333-8FDC-42A3-9474-1A3956D46DE8}") = "NOTES", "NOTES", "{0AAE295E-6D92-48FA-B4D5-6BDAD5A93010}"
EndProject
Project("{FAE04EC0-301F-11D3-BF4B-00C04F79EFBC}") = "devproapp", "devproapp\devproapp.csproj", "{B3D87865-601E-46E3-98B1-651D39FA2282}"
EndProject
Global
	GlobalSection(SolutionConfigurationPlatforms) = preSolution
		Debug|Any CPU = Debug|Any CPU
		Release|Any CPU = Release|Any CPU
	EndGlobalSection
	GlobalSection(ProjectConfigurationPlatforms) = postSolution
		{B3D87865-601E-46E3-98B1-651D39FA2282}.Debug|Any CPU.ActiveCfg = Debug|Any CPU
		{B3D87865-601E-46E3-98B1-651D39FA2282}.Debug|Any CPU.Build.0 = Debug|Any CPU
		{B3D87865-601E-46E3-98B1-651D39FA2282}.Release|Any CPU.ActiveCfg = Release|Any CPU
		{B3D87865-601E-46E3-98B1-651D39FA2282}.Release|Any CPU.Build.0 = Release|Any CPU
	EndGlobalSection
	GlobalSection(SolutionProperties) = preSolution
		HideSolutionNode = FALSE
	EndGlobalSection
EndGlobal
